
Microsoft Visual Studio Solution File, Format Version 12.00
# Visual Studio Version 17
VisualStudioVersion = 17.3.32929.385
MinimumVisualStudioVersion = 10.0.40219.1
Project("{FAE04EC0-301F-11D3-BF4B-00C04F79EFBC}") = "HelloWorld", "HelloWorld\HelloWorld.csproj", "{D26E695E-AE0C-4FA5-95C9-FF303A688A72}"
EndProject
Global
	GlobalSection(SolutionConfigurationPlatforms) = preSolution
		Debug|Any CPU = Debug|Any CPU
		Release|Any CPU = Release|Any CPU
	EndGlobalSection
	GlobalSection(ProjectConfigurationPlatforms) = postSolution
		{D26E695E-AE0C-4FA5-95C9-FF303A688A72}.Debug|Any CPU.ActiveCfg = Debug|Any CPU
		{D26E695E-AE0C-4FA5-95C9-FF303A688A72}.Debug|Any CPU.Build.0 = Debug|Any CPU
		{D26E695E-AE0C-4FA5-95C9-FF303A688A72}.Release|Any CPU.ActiveCfg = Release|Any CPU
		{D26E695E-AE0C-4FA5-95C9-FF303A688A72}.Release|Any CPU.Build.0 = Release|Any CPU
	EndGlobalSection
	GlobalSection(SolutionProperties) = preSolution
		HideSolutionNode = FALSE
	EndGlobalSection
	GlobalSection(ExtensibilityGlobals) = postSolution
		SolutionGuid = {228AD26F-6058-47DD-AC6C-8378FFEBCF32}
	EndGlobalSection
EndGlobal
